
Microsoft Visual Studio Solution File, Format Version 12.00
# Visual Studio Version 17
VisualStudioVersion = 17.9.34701.34
MinimumVisualStudioVersion = 10.0.40219.1
Project("{9A19103F-16F7-4668-BE54-9A1E7A4F7556}") = "NbreMagique", "NbreMagique\NbreMagique\NbreMagique.csproj", "{8A80E4A5-8F61-4565-8959-1079EC9D1567}"
EndProject
Project("{9A19103F-16F7-4668-BE54-9A1E7A4F7556}") = "NbreMagique.Client", "NbreMagique\NbreMagique.Client\NbreMagique.Client.csproj", "{702A0637-CF93-4DD6-A69A-A94C8A55CC02}"
EndProject
Project("{9A19103F-16F7-4668-BE54-9A1E7A4F7556}") = "NbreMagique.Mobile", "NbreMagique.Mobile\NbreMagique.Mobile.csproj", "{45A2484F-9431-411C-9234-39A857B745FC}"
EndProject
Project("{9A19103F-16F7-4668-BE54-9A1E7A4F7556}") = "NbreMagiqueBlazor.Component", "NbreMagiqueBlazor.Component\NbreMagiqueBlazor.Component.csproj", "{591DECE4-00AB-4559-B304-4FBE0A5F6278}"
EndProject
Project("{9A19103F-16F7-4668-BE54-9A1E7A4F7556}") = "NbreMagique.Model", "NbreMagique.Model\NbreMagique.Model.csproj", "{E7875527-EAFE-430B-B633-52DDC72C1879}"
EndProject
Project("{9A19103F-16F7-4668-BE54-9A1E7A4F7556}") = "NbreMagique.Services", "NbreMagique.Services\NbreMagique.Services.csproj", "{2FCE747A-2CE1-4A62-8342-A65D5EBB6178}"
EndProject
Project("{9A19103F-16F7-4668-BE54-9A1E7A4F7556}") = "NombreMagique.Mobile", "..\..\TP1\NombreMagique\NombreMagique.Mobile\NombreMagique.Mobile.csproj", "{B21D097F-833F-4FCF-B998-339E2C84841C}"
EndProject
Global
	GlobalSection(SolutionConfigurationPlatforms) = preSolution
		Debug|Any CPU = Debug|Any CPU
		Release|Any CPU = Release|Any CPU
	EndGlobalSection
	GlobalSection(ProjectConfigurationPlatforms) = postSolution
		{8A80E4A5-8F61-4565-8959-1079EC9D1567}.Debug|Any CPU.ActiveCfg = Debug|Any CPU
		{8A80E4A5-8F61-4565-8959-1079EC9D1567}.Debug|Any CPU.Build.0 = Debug|Any CPU
		{8A80E4A5-8F61-4565-8959-1079EC9D1567}.Release|Any CPU.ActiveCfg = Release|Any CPU
		{8A80E4A5-8F61-4565-8959-1079EC9D1567}.Release|Any CPU.Build.0 = Release|Any CPU
		{702A0637-CF93-4DD6-A69A-A94C8A55CC02}.Debug|Any CPU.ActiveCfg = Debug|Any CPU
		{702A0637-CF93-4DD6-A69A-A94C8A55CC02}.Debug|Any CPU.Build.0 = Debug|Any CPU
		{702A0637-CF93-4DD6-A69A-A94C8A55CC02}.Release|Any CPU.ActiveCfg = Release|Any CPU
		{702A0637-CF93-4DD6-A69A-A94C8A55CC02}.Release|Any CPU.Build.0 = Release|Any CPU
		{45A2484F-9431-411C-9234-39A857B745FC}.Debug|Any CPU.ActiveCfg = Debug|Any CPU
		{45A2484F-9431-411C-9234-39A857B745FC}.Debug|Any CPU.Build.0 = Debug|Any CPU
		{45A2484F-9431-411C-9234-39A857B745FC}.Debug|Any CPU.Deploy.0 = Debug|Any CPU
		{45A2484F-9431-411C-9234-39A857B745FC}.Release|Any CPU.ActiveCfg = Release|Any CPU
		{45A2484F-9431-411C-9234-39A857B745FC}.Release|Any CPU.Build.0 = Release|Any CPU
		{45A2484F-9431-411C-9234-39A857B745FC}.Release|Any CPU.Deploy.0 = Release|Any CPU
		{591DECE4-00AB-4559-B304-4FBE0A5F6278}.Debug|Any CPU.ActiveCfg = Debug|Any CPU
		{591DECE4-00AB-4559-B304-4FBE0A5F6278}.Debug|Any CPU.Build.0 = Debug|Any CPU
		{591DECE4-00AB-4559-B304-4FBE0A5F6278}.Release|Any CPU.ActiveCfg = Release|Any CPU
		{591DECE4-00AB-4559-B304-4FBE0A5F6278}.Release|Any CPU.Build.0 = Release|Any CPU
		{E7875527-EAFE-430B-B633-52DDC72C1879}.Debug|Any CPU.ActiveCfg = Debug|Any CPU
		{E7875527-EAFE-430B-B633-52DDC72C1879}.Debug|Any CPU.Build.0 = Debug|Any CPU
		{E7875527-EAFE-430B-B633-52DDC72C1879}.Release|Any CPU.ActiveCfg = Release|Any CPU
		{E7875527-EAFE-430B-B633-52DDC72C1879}.Release|Any CPU.Build.0 = Release|Any CPU
		{2FCE747A-2CE1-4A62-8342-A65D5EBB6178}.Debug|Any CPU.ActiveCfg = Debug|Any CPU
		{2FCE747A-2CE1-4A62-8342-A65D5EBB6178}.Debug|Any CPU.Build.0 = Debug|Any CPU
		{2FCE747A-2CE1-4A62-8342-A65D5EBB6178}.Release|Any CPU.ActiveCfg = Release|Any CPU
		{2FCE747A-2CE1-4A62-8342-A65D5EBB6178}.Release|Any CPU.Build.0 = Release|Any CPU
		{B21D097F-833F-4FCF-B998-339E2C84841C}.Debug|Any CPU.ActiveCfg = Debug|Any CPU
		{B21D097F-833F-4FCF-B998-339E2C84841C}.Debug|Any CPU.Build.0 = Debug|Any CPU
		{B21D097F-833F-4FCF-B998-339E2C84841C}.Debug|Any CPU.Deploy.0 = Debug|Any CPU
		{B21D097F-833F-4FCF-B998-339E2C84841C}.Release|Any CPU.ActiveCfg = Release|Any CPU
		{B21D097F-833F-4FCF-B998-339E2C84841C}.Release|Any CPU.Build.0 = Release|Any CPU
		{B21D097F-833F-4FCF-B998-339E2C84841C}.Release|Any CPU.Deploy.0 = Release|Any CPU
	EndGlobalSection
	GlobalSection(SolutionProperties) = preSolution
		HideSolutionNode = FALSE
	EndGlobalSection
	GlobalSection(ExtensibilityGlobals) = postSolution
		SolutionGuid = {ABEEACE5-A148-4E6F-A85B-4C20B93BAD34}
	EndGlobalSection
EndGlobal
